
Microsoft Visual Studio Solution File, Format Version 12.00
# Visual Studio Version 16
VisualStudioVersion = 16.0.31702.278
MinimumVisualStudioVersion = 10.0.40219.1
Project("{8BC9CEB8-8B4A-11D0-8D11-00A0C91BC942}") = "Bus", "Bus.vcxproj", "{4264BEC5-AAE4-41DB-AB4A-1E81C6662C7A}"
EndProject
Global
	GlobalSection(SolutionConfigurationPlatforms) = preSolution
		Debug|x64 = Debug|x64
		Debug|x86 = Debug|x86
		Release|x64 = Release|x64
		Release|x86 = Release|x86
	EndGlobalSection
	GlobalSection(ProjectConfigurationPlatforms) = postSolution
		{4264BEC5-AAE4-41DB-AB4A-1E81C6662C7A}.Debug|x64.ActiveCfg = Debug|x64
		{4264BEC5-AAE4-41DB-AB4A-1E81C6662C7A}.Debug|x64.Build.0 = Debug|x64
		{4264BEC5-AAE4-41DB-AB4A-1E81C6662C7A}.Debug|x86.ActiveCfg = Debug|Win32
		{4264BEC5-AAE4-41DB-AB4A-1E81C6662C7A}.Debug|x86.Build.0 = Debug|Win32
		{4264BEC5-AAE4-41DB-AB4A-1E81C6662C7A}.Release|x64.ActiveCfg = Release|x64
		{4264BEC5-AAE4-41DB-AB4A-1E81C6662C7A}.Release|x64.Build.0 = Release|x64
		{4264BEC5-AAE4-41DB-AB4A-1E81C6662C7A}.Release|x86.ActiveCfg = Release|Win32
		{4264BEC5-AAE4-41DB-AB4A-1E81C6662C7A}.Release|x86.Build.0 = Release|Win32
	EndGlobalSection
	GlobalSection(SolutionProperties) = preSolution
		HideSolutionNode = FALSE
	EndGlobalSection
	GlobalSection(ExtensibilityGlobals) = postSolution
		SolutionGuid = {BE4C0EFB-DF50-44C2-B076-F8416C327A4A}
	EndGlobalSection
EndGlobal
